
Microsoft Visual Studio Solution File, Format Version 12.00
# Visual Studio Version 16
VisualStudioVersion = 16.0.30804.86
MinimumVisualStudioVersion = 10.0.40219.1
Project("{FAE04EC0-301F-11D3-BF4B-00C04F79EFBC}") = "DataLibrary", "DataLibrary\DataLibrary.csproj", "{20648A07-5B02-4C3E-A749-7E599AC35332}"
EndProject
Project("{FAE04EC0-301F-11D3-BF4B-00C04F79EFBC}") = "LogicLibrary", "LogicLibrary\LogicLibrary.csproj", "{8049C852-E753-4879-A79E-086FED179CF6}"
EndProject
Project("{FAE04EC0-301F-11D3-BF4B-00C04F79EFBC}") = "GUIApp", "GUIApp\GUIApp.csproj", "{3B1E758C-F7E2-47B6-89F1-D0F2F35318BC}"
EndProject
Global
	GlobalSection(SolutionConfigurationPlatforms) = preSolution
		Debug|Any CPU = Debug|Any CPU
		Release|Any CPU = Release|Any CPU
	EndGlobalSection
	GlobalSection(ProjectConfigurationPlatforms) = postSolution
		{20648A07-5B02-4C3E-A749-7E599AC35332}.Debug|Any CPU.ActiveCfg = Debug|Any CPU
		{20648A07-5B02-4C3E-A749-7E599AC35332}.Debug|Any CPU.Build.0 = Debug|Any CPU
		{20648A07-5B02-4C3E-A749-7E599AC35332}.Release|Any CPU.ActiveCfg = Release|Any CPU
		{20648A07-5B02-4C3E-A749-7E599AC35332}.Release|Any CPU.Build.0 = Release|Any CPU
		{8049C852-E753-4879-A79E-086FED179CF6}.Debug|Any CPU.ActiveCfg = Debug|Any CPU
		{8049C852-E753-4879-A79E-086FED179CF6}.Debug|Any CPU.Build.0 = Debug|Any CPU
		{8049C852-E753-4879-A79E-086FED179CF6}.Release|Any CPU.ActiveCfg = Release|Any CPU
		{8049C852-E753-4879-A79E-086FED179CF6}.Release|Any CPU.Build.0 = Release|Any CPU
		{3B1E758C-F7E2-47B6-89F1-D0F2F35318BC}.Debug|Any CPU.ActiveCfg = Debug|Any CPU
		{3B1E758C-F7E2-47B6-89F1-D0F2F35318BC}.Debug|Any CPU.Build.0 = Debug|Any CPU
		{3B1E758C-F7E2-47B6-89F1-D0F2F35318BC}.Release|Any CPU.ActiveCfg = Release|Any CPU
		{3B1E758C-F7E2-47B6-89F1-D0F2F35318BC}.Release|Any CPU.Build.0 = Release|Any CPU
	EndGlobalSection
	GlobalSection(SolutionProperties) = preSolution
		HideSolutionNode = FALSE
	EndGlobalSection
	GlobalSection(ExtensibilityGlobals) = postSolution
		SolutionGuid = {31ACCFCD-BD3F-4109-BD05-99805E312A0E}
	EndGlobalSection
EndGlobal
